{
  "name": "simpleVis-js",
  "lockfileVersion": 3,
  "requires": true,
  "packages": {
    "": {
      "dependencies": {
        "three": "^0.169.0"
      }
    },
    "node_modules/three": {
      "version": "0.169.0",
      "resolved": "https://registry.npmjs.org/three/-/three-0.169.0.tgz",
      "integrity": "sha512-Ed906MA3dR4TS5riErd4QBsRGPcx+HBDX2O5yYE5GqJeFQTPU+M56Va/f/Oph9X7uZo3W3o4l2ZhBZ6f6qUv0w==",
      "license": "MIT"
    }
  }
}
